
Microsoft Visual Studio Solution File, Format Version 12.00
# Visual Studio Version 17
VisualStudioVersion = 17.7.34024.191
MinimumVisualStudioVersion = 10.0.40219.1
Project("{FAE04EC0-301F-11D3-BF4B-00C04F79EFBC}") = "OOPGenericCollections", "OOPGenericCollections.csproj", "{B1E2E73B-E8CB-4DB8-9AC2-CF1BB0446D6D}"
EndProject
Global
	GlobalSection(SolutionConfigurationPlatforms) = preSolution
		Debug|Any CPU = Debug|Any CPU
		Release|Any CPU = Release|Any CPU
	EndGlobalSection
	GlobalSection(ProjectConfigurationPlatforms) = postSolution
		{B1E2E73B-E8CB-4DB8-9AC2-CF1BB0446D6D}.Debug|Any CPU.ActiveCfg = Debug|Any CPU
		{B1E2E73B-E8CB-4DB8-9AC2-CF1BB0446D6D}.Debug|Any CPU.Build.0 = Debug|Any CPU
		{B1E2E73B-E8CB-4DB8-9AC2-CF1BB0446D6D}.Release|Any CPU.ActiveCfg = Release|Any CPU
		{B1E2E73B-E8CB-4DB8-9AC2-CF1BB0446D6D}.Release|Any CPU.Build.0 = Release|Any CPU
	EndGlobalSection
	GlobalSection(SolutionProperties) = preSolution
		HideSolutionNode = FALSE
	EndGlobalSection
	GlobalSection(ExtensibilityGlobals) = postSolution
		SolutionGuid = {91390A26-86C8-4EB4-9566-8CBF5E6E53BF}
	EndGlobalSection
EndGlobal
